
Microsoft Visual Studio Solution File, Format Version 12.00
# Visual Studio Version 17
VisualStudioVersion = 17.8.34511.84
MinimumVisualStudioVersion = 10.0.40219.1
Project("{FAE04EC0-301F-11D3-BF4B-00C04F79EFBC}") = "WinFormsCore", "WinFormsCore\WinFormsCore.csproj", "{D34BBC77-EBCA-4BFF-B668-E147D2129D45}"
EndProject
Global
	GlobalSection(SolutionConfigurationPlatforms) = preSolution
		Debug|Any CPU = Debug|Any CPU
		Release|Any CPU = Release|Any CPU
	EndGlobalSection
	GlobalSection(ProjectConfigurationPlatforms) = postSolution
		{D34BBC77-EBCA-4BFF-B668-E147D2129D45}.Debug|Any CPU.ActiveCfg = Debug|Any CPU
		{D34BBC77-EBCA-4BFF-B668-E147D2129D45}.Debug|Any CPU.Build.0 = Debug|Any CPU
		{D34BBC77-EBCA-4BFF-B668-E147D2129D45}.Release|Any CPU.ActiveCfg = Release|Any CPU
		{D34BBC77-EBCA-4BFF-B668-E147D2129D45}.Release|Any CPU.Build.0 = Release|Any CPU
	EndGlobalSection
	GlobalSection(SolutionProperties) = preSolution
		HideSolutionNode = FALSE
	EndGlobalSection
	GlobalSection(ExtensibilityGlobals) = postSolution
		SolutionGuid = {B4EA0AEF-6C36-4F54-BB94-E3FFF0F00E73}
	EndGlobalSection
EndGlobal
